// !$*UTF8*$!
{
	archiveVersion = 1;
	classes = {
	};
	objectVersion = 50;
	objects = {

/* Begin PBXBuildFile section */
		63F5AD612655CE8C005D2F2A /* AppDelegate.swift in Sources */ = {isa = PBXBuildFile; fileRef = 63F5AD602655CE8C005D2F2A /* AppDelegate.swift */; };
		63F5AD632655CE8C005D2F2A /* SceneDelegate.swift in Sources */ = {isa = PBXBuildFile; fileRef = 63F5AD622655CE8C005D2F2A /* SceneDelegate.swift */; };
		63F5AD652655CE8C005D2F2A /* ViewController.swift in Sources */ = {isa = PBXBuildFile; fileRef = 63F5AD642655CE8C005D2F2A /* ViewController.swift */; };
		63F5AD682655CE8C005D2F2A /* Main.storyboard in Resources */ = {isa = PBXBuildFile; fileRef = 63F5AD662655CE8C005D2F2A /* Main.storyboard */; };
		63F5AD6B2655CE8C005D2F2A /* FaceRecognitionProject.xcdatamodeld in Sources */ = {isa = PBXBuildFile; fileRef = 63F5AD692655CE8C005D2F2A /* FaceRecognitionProject.xcdatamodeld */; };
		63F5AD6D2655CE8E005D2F2A /* Assets.xcassets in Resources */ = {isa = PBXBuildFile; fileRef = 63F5AD6C2655CE8E005D2F2A /* Assets.xcassets */; };
		63F5AD702655CE8E005D2F2A /* LaunchScreen.storyboard in Resources */ = {isa = PBXBuildFile; fileRef = 63F5AD6E2655CE8E005D2F2A /* LaunchScreen.storyboard */; };
/* End PBXBuildFile section */

/* Begin PBXFileReference section */
		63F5AD5D2655CE8C005D2F2A /* FaceRecognitionProject.app */ = {isa = PBXFileReference; explicitFileType = wrapper.application; includeInIndex = 0; path = FaceRecognitionProject.app; sourceTree = BUILT_PRODUCTS_DIR; };
		63F5AD602655CE8C005D2F2A /* AppDelegate.swift */ = {isa = PBXFileReference; lastKnownFileType = sourcecode.swift; path = AppDelegate.swift; sourceTree = "<group>"; };
		63F5AD622655CE8C005D2F2A /* SceneDelegate.swift */ = {isa = PBXFileReference; lastKnownFileType = sourcecode.swift; path = SceneDelegate.swift; sourceTree = "<group>"; };
		63F5AD642655CE8C005D2F2A /* ViewController.swift */ = {isa = PBXFileReference; lastKnownFileType = sourcecode.swift; path = ViewController.swift; sourceTree = "<group>"; };
		63F5AD672655CE8C005D2F2A /* Base */ = {isa = PBXFileReference; lastKnownFileType = file.storyboard; name = Base; path = Base.lproj/Main.storyboard; sourceTree = "<group>"; };
		63F5AD6A2655CE8C005D2F2A /* FaceRecognitionProject.xcdatamodel */ = {isa = PBXFileReference; lastKnownFileType = wrapper.xcdatamodel; path = FaceRecognitionProject.xcdatamodel; sourceTree = "<group>"; };
		63F5AD6C2655CE8E005D2F2A /* Assets.xcassets */ = {isa = PBXFileReference; lastKnownFileType = folder.assetcatalog; path = Assets.xcassets; sourceTree = "<group>"; };
		63F5AD6F2655CE8E005D2F2A /* Base */ = {isa = PBXFileReference; lastKnownFileType = file.storyboard; name = Base; path = Base.lproj/LaunchScreen.storyboard; sourceTree = "<group>"; };
		63F5AD712655CE8E005D2F2A /* Info.plist */ = {isa = PBXFileReference; lastKnownFileType = text.plist.xml; path = Info.plist; sourceTree = "<group>"; };
/* End PBXFileReference section */

/* Begin PBXFrameworksBuildPhase section */
		63F5AD5A2655CE8C005D2F2A /* Frameworks */ = {
			isa = PBXFrameworksBuildPhase;
			buildActionMask = 2147483647;
			files = (
			);
			runOnlyForDeploymentPostprocessing = 0;
		};
/* End PBXFrameworksBuildPhase section */

/* Begin PBXGroup section */
		63F5AD542655CE8C005D2F2A = {
			isa = PBXGroup;
			children = (
				63F5AD5F2655CE8C005D2F2A /* FaceRecognitionProject */,
				63F5AD5E2655CE8C005D2F2A /* Products */,
			);
			sourceTree = "<group>";
		};
		63F5AD5E2655CE8C005D2F2A /* Products */ = {
			isa = PBXGroup;
			children = (
				63F5AD5D2655CE8C005D2F2A /* FaceRecognitionProject.app */,
			);
			name = Products;
			sourceTree = "<group>";
		};
		63F5AD5F2655CE8C005D2F2A /* FaceRecognitionProject */ = {
			isa = PBXGroup;
			children = (
				63F5AD602655CE8C005D2F2A /* AppDelegate.swift */,
				63F5AD622655CE8C005D2F2A /* SceneDelegate.swift */,
				63F5AD642655CE8C005D2F2A /* ViewController.swift */,
				63F5AD662655CE8C005D2F2A /* Main.storyboard */,
				63F5AD6C2655CE8E005D2F2A /* Assets.xcassets */,
				63F5AD6E2655CE8E005D2F2A /* LaunchScreen.storyboard */,
				63F5AD712655CE8E005D2F2A /* Info.plist */,
				63F5AD692655CE8C005D2F2A /* FaceRecognitionProject.xcdatamodeld */,
			);
			path = FaceRecognitionProject;
			sourceTree = "<group>";
		};
/* End PBXGroup section */

/* Begin PBXNativeTarget section */
		63F5AD5C2655CE8C005D2F2A /* FaceRecognitionProject */ = {
			isa = PBXNativeTarget;
			buildConfigurationList = 63F5AD742655CE8E005D2F2A /* Build configuration list for PBXNativeTarget "FaceRecognitionProject" */;
			buildPhases = (
				63F5AD592655CE8C005D2F2A /* Sources */,
				63F5AD5A2655CE8C005D2F2A /* Frameworks */,
				63F5AD5B2655CE8C005D2F2A /* Resources */,
			);
			buildRules = (
			);
			dependencies = (
			);
			name = FaceRecognitionProject;
			productName = FaceRecognitionProject;
			productReference = 63F5AD5D2655CE8C005D2F2A /* FaceRecognitionProject.app */;
			productType = "com.apple.product-type.application";
		};
/* End PBXNativeTarget section */

/* Begin PBXProject section */
		63F5AD552655CE8C005D2F2A /* Project object */ = {
			isa = PBXProject;
			attributes = {
				LastSwiftUpdateCheck = 1250;
				LastUpgradeCheck = 1250;
				TargetAttributes = {
					63F5AD5C2655CE8C005D2F2A = {
						CreatedOnToolsVersion = 12.5;
					};
				};
			};
			buildConfigurationList = 63F5AD582655CE8C005D2F2A /* Build configuration list for PBXProject "FaceRecognitionProject" */;
			compatibilityVersion = "Xcode 9.3";
			developmentRegion = en;
			hasScannedForEncodings = 0;
			knownRegions = (
				en,
				Base,
			);
			mainGroup = 63F5AD542655CE8C005D2F2A;
			productRefGroup = 63F5AD5E2655CE8C005D2F2A /* Products */;
			projectDirPath = "";
			projectRoot = "";
			targets = (
				63F5AD5C2655CE8C005D2F2A /* FaceRecognitionProject */,
			);
		};
/* End PBXProject section */

/* Begin PBXResourcesBuildPhase section */
		63F5AD5B2655CE8C005D2F2A /* Resources */ = {
			isa = PBXResourcesBuildPhase;
			buildActionMask = 2147483647;
			files = (
				63F5AD702655CE8E005D2F2A /* LaunchScreen.storyboard in Resources */,
				63F5AD6D2655CE8E005D2F2A /* Assets.xcassets in Resources */,
				63F5AD682655CE8C005D2F2A /* Main.storyboard in Resources */,
			);
			runOnlyForDeploymentPostprocessing = 0;
		};
/* End PBXResourcesBuildPhase section */

/* Begin PBXSourcesBuildPhase section */
		63F5AD592655CE8C005D2F2A /* Sources */ = {
			isa = PBXSourcesBuildPhase;
			buildActionMask = 2147483647;
			files = (
				63F5AD652655CE8C005D2F2A /* ViewController.swift in Sources */,
				63F5AD612655CE8C005D2F2A /* AppDelegate.swift in Sources */,
				63F5AD6B2655CE8C005D2F2A /* FaceRecognitionProject.xcdatamodeld in Sources */,
				63F5AD632655CE8C005D2F2A /* SceneDelegate.swift in Sources */,
			);
			runOnlyForDeploymentPostprocessing = 0;
		};
/* End PBXSourcesBuildPhase section */

/* Begin PBXVariantGroup section */
		63F5AD662655CE8C005D2F2A /* Main.storyboard */ = {
			isa = PBXVariantGroup;
			children = (
				63F5AD672655CE8C005D2F2A /* Base */,
			);
			name = Main.storyboard;
			sourceTree = "<group>";
		};
		63F5AD6E2655CE8E005D2F2A /* LaunchScreen.storyboard */ = {
			isa = PBXVariantGroup;
			children = (
				63F5AD6F2655CE8E005D2F2A /* Base */,
			);
			name = LaunchScreen.storyboard;
			sourceTree = "<group>";
		};
/* End PBXVariantGroup section */

/* Begin XCBuildConfiguration section */
		63F5AD722655CE8E005D2F2A /* Debug */ = {
			isa = XCBuildConfiguration;
			buildSettings = {
				ALWAYS_SEARCH_USER_PATHS = NO;
				CLANG_ANALYZER_NONNULL = YES;
				CLANG_ANALYZER_NUMBER_OBJECT_CONVERSION = YES_AGGRESSIVE;
				CLANG_CXX_LANGUAGE_STANDARD = "gnu++14";
				CLANG_CXX_LIBRARY = "libc++";
				CLANG_ENABLE_MODULES = YES;
				CLANG_ENABLE_OBJC_ARC = YES;
				CLANG_ENABLE_OBJC_WEAK = YES;
				CLANG_WARN_BLOCK_CAPTURE_AUTORELEASING = YES;
				CLANG_WARN_BOOL_CONVERSION = YES;
				CLANG_WARN_COMMA = YES;
				CLANG_WARN_CONSTANT_CONVERSION = YES;
				CLANG_WARN_DEPRECATED_OBJC_IMPLEMENTATIONS = YES;
				CLANG_WARN_DIRECT_OBJC_ISA_USAGE = YES_ERROR;
				CLANG_WARN_DOCUMENTATION_COMMENTS = YES;
				CLANG_WARN_EMPTY_BODY = YES;
				CLANG_WARN_ENUM_CONVERSION = YES;
				CLANG_WARN_INFINITE_RECURSION = YES;
				CLANG_WARN_INT_CONVERSION = YES;
				CLANG_WARN_NON_LITERAL_NULL_CONVERSION = YES;
				CLANG_WARN_OBJC_IMPLICIT_RETAIN_SELF = YES;
				CLANG_WARN_OBJC_LITERAL_CONVERSION = YES;
				CLANG_WARN_OBJC_ROOT_CLASS = YES_ERROR;
				CLANG_WARN_QUOTED_INCLUDE_IN_FRAMEWORK_HEADER = YES;
				CLANG_WARN_RANGE_LOOP_ANALYSIS = YES;
				CLANG_WARN_STRICT_PROTOTYPES = YES;
				CLANG_WARN_SUSPICIOUS_MOVE = YES;
				CLANG_WARN_UNGUARDED_AVAILABILITY = YES_AGGRESSIVE;
				CLANG_WARN_UNREACHABLE_CODE = YES;
				CLANG_WARN__DUPLICATE_METHOD_MATCH = YES;
				COPY_PHASE_STRIP = NO;
				DEBUG_INFORMATION_FORMAT = dwarf;
				ENABLE_STRICT_OBJC_MSGSEND = YES;
				ENABLE_TESTABILITY = YES;
				GCC_C_LANGUAGE_STANDARD = gnu11;
				GCC_DYNAMIC_NO_PIC = NO;
				GCC_NO_COMMON_BLOCKS = YES;
				GCC_OPTIMIZATION_LEVEL = 0;
				GCC_PREPROCESSOR_DEFINITIONS = (
					"DEBUG=1",
					"$(inherited)",
				);
				GCC_WARN_64_TO_32_BIT_CONVERSION = YES;
				GCC_WARN_ABOUT_RETURN_TYPE = YES_ERROR;
				GCC_WARN_UNDECLARED_SELECTOR = YES;
				GCC_WARN_UNINITIALIZED_AUTOS = YES_AGGRESSIVE;
				GCC_WARN_UNUSED_FUNCTION = YES;
				GCC_WARN_UNUSED_VARIABLE = YES;
				IPHONEOS_DEPLOYMENT_TARGET = 14.5;
				MTL_ENABLE_DEBUG_INFO = INCLUDE_SOURCE;
				MTL_FAST_MATH = YES;
				ONLY_ACTIVE_ARCH = YES;
				SDKROOT = iphoneos;
				SWIFT_ACTIVE_COMPILATION_CONDITIONS = DEBUG;
				SWIFT_OPTIMIZATION_LEVEL = "-Onone";
			};
			name = Debug;
		};
		63F5AD732655CE8E005D2F2A /* Release */ = {
			isa = XCBuildConfiguration;
			buildSettings = {
				ALWAYS_SEARCH_USER_PATHS = NO;
				CLANG_ANALYZER_NONNULL = YES;
				CLANG_ANALYZER_NUMBER_OBJECT_CONVERSION = YES_AGGRESSIVE;
				CLANG_CXX_LANGUAGE_STANDARD = "gnu++14";
				CLANG_CXX_LIBRARY = "libc++";
				CLANG_ENABLE_MODULES = YES;
				CLANG_ENABLE_OBJC_ARC = YES;
				CLANG_ENABLE_OBJC_WEAK = YES;
				CLANG_WARN_BLOCK_CAPTURE_AUTORELEASING = YES;
				CLANG_WARN_BOOL_CONVERSION = YES;
				CLANG_WARN_COMMA = YES;
				CLANG_WARN_CONSTANT_CONVERSION = YES;
				CLANG_WARN_DEPRECATED_OBJC_IMPLEMENTATIONS = YES;
				CLANG_WARN_DIRECT_OBJC_ISA_USAGE = YES_ERROR;
				CLANG_WARN_DOCUMENTATION_COMMENTS = YES;
				CLANG_WARN_EMPTY_BODY = YES;
				CLANG_WARN_ENUM_CONVERSION = YES;
				CLANG_WARN_INFINITE_RECURSION = YES;
				CLANG_WARN_INT_CONVERSION = YES;
				CLANG_WARN_NON_LITERAL_NULL_CONVERSION = YES;
				CLANG_WARN_OBJC_IMPLICIT_RETAIN_SELF = YES;
				CLANG_WARN_OBJC_LITERAL_CONVERSION = YES;
				CLANG_WARN_OBJC_ROOT_CLASS = YES_ERROR;
				CLANG_WARN_QUOTED_INCLUDE_IN_FRAMEWORK_HEADER = YES;
				CLANG_WARN_RANGE_LOOP_ANALYSIS = YES;
				CLANG_WARN_STRICT_PROTOTYPES = YES;
				CLANG_WARN_SUSPICIOUS_MOVE = YES;
				CLANG_WARN_UNGUARDED_AVAILABILITY = YES_AGGRESSIVE;
				CLANG_WARN_UNREACHABLE_CODE = YES;
				CLANG_WARN__DUPLICATE_METHOD_MATCH = YES;
				COPY_PHASE_STRIP = NO;
				DEBUG_INFORMATION_FORMAT = "dwarf-with-dsym";
				ENABLE_NS_ASSERTIONS = NO;
				ENABLE_STRICT_OBJC_MSGSEND = YES;
				GCC_C_LANGUAGE_STANDARD = gnu11;
				GCC_NO_COMMON_BLOCKS = YES;
				GCC_WARN_64_TO_32_BIT_CONVERSION = YES;
				GCC_WARN_ABOUT_RETURN_TYPE = YES_ERROR;
				GCC_WARN_UNDECLARED_SELECTOR = YES;
				GCC_WARN_UNINITIALIZED_AUTOS = YES_AGGRESSIVE;
				GCC_WARN_UNUSED_FUNCTION = YES;
				GCC_WARN_UNUSED_VARIABLE = YES;
				IPHONEOS_DEPLOYMENT_TARGET = 14.5;
				MTL_ENABLE_DEBUG_INFO = NO;
				MTL_FAST_MATH = YES;
				SDKROOT = iphoneos;
				SWIFT_COMPILATION_MODE = wholemodule;
				SWIFT_OPTIMIZATION_LEVEL = "-O";
				VALIDATE_PRODUCT = YES;
			};
			name = Release;
		};
		63F5AD752655CE8E005D2F2A /* Debug */ = {
			isa = XCBuildConfiguration;
			buildSettings = {
				ASSETCATALOG_COMPILER_APPICON_NAME = AppIcon;
				ASSETCATALOG_COMPILER_GLOBAL_ACCENT_COLOR_NAME = AccentColor;
				CODE_SIGN_STYLE = Automatic;
				DEVELOPMENT_TEAM = KCSKA4UM96;
				INFOPLIST_FILE = FaceRecognitionProject/Info.plist;
				LD_RUNPATH_SEARCH_PATHS = (
					"$(inherited)",
					"@executable_path/Frameworks",
				);
				PRODUCT_BUNDLE_IDENTIFIER = com.thedruid.FaceRecognitionProject;
				PRODUCT_NAME = "$(TARGET_NAME)";
				SWIFT_VERSION = 5.0;
				TARGETED_DEVICE_FAMILY = "1,2";
			};
			name = Debug;
		};
		63F5AD762655CE8E005D2F2A /* Release */ = {
			isa = XCBuildConfiguration;
			buildSettings = {
				ASSETCATALOG_COMPILER_APPICON_NAME = AppIcon;
				ASSETCATALOG_COMPILER_GLOBAL_ACCENT_COLOR_NAME = AccentColor;
				CODE_SIGN_STYLE = Automatic;
				DEVELOPMENT_TEAM = KCSKA4UM96;
				INFOPLIST_FILE = FaceRecognitionProject/Info.plist;
				LD_RUNPATH_SEARCH_PATHS = (
					"$(inherited)",
					"@executable_path/Frameworks",
				);
				PRODUCT_BUNDLE_IDENTIFIER = com.thedruid.FaceRecognitionProject;
				PRODUCT_NAME = "$(TARGET_NAME)";
				SWIFT_VERSION = 5.0;
				TARGETED_DEVICE_FAMILY = "1,2";
			};
			name = Release;
		};
/* End XCBuildConfiguration section */

/* Begin XCConfigurationList section */
		63F5AD582655CE8C005D2F2A /* Build configuration list for PBXProject "FaceRecognitionProject" */ = {
			isa = XCConfigurationList;
			buildConfigurations = (
				63F5AD722655CE8E005D2F2A /* Debug */,
				63F5AD732655CE8E005D2F2A /* Release */,
			);
			defaultConfigurationIsVisible = 0;
			defaultConfigurationName = Release;
		};
		63F5AD742655CE8E005D2F2A /* Build configuration list for PBXNativeTarget "FaceRecognitionProject" */ = {
			isa = XCConfigurationList;
			buildConfigurations = (
				63F5AD752655CE8E005D2F2A /* Debug */,
				63F5AD762655CE8E005D2F2A /* Release */,
			);
			defaultConfigurationIsVisible = 0;
			defaultConfigurationName = Release;
		};
/* End XCConfigurationList section */

/* Begin XCVersionGroup section */
		63F5AD692655CE8C005D2F2A /* FaceRecognitionProject.xcdatamodeld */ = {
			isa = XCVersionGroup;
			children = (
				63F5AD6A2655CE8C005D2F2A /* FaceRecognitionProject.xcdatamodel */,
			);
			currentVersion = 63F5AD6A2655CE8C005D2F2A /* FaceRecognitionProject.xcdatamodel */;
			path = FaceRecognitionProject.xcdatamodeld;
			sourceTree = "<group>";
			versionGroupType = wrapper.xcdatamodel;
		};
/* End XCVersionGroup section */
	};
	rootObject = 63F5AD552655CE8C005D2F2A /* Project object */;
}
